
Microsoft Visual Studio Solution File, Format Version 12.00
# Visual Studio Version 17
VisualStudioVersion = 17.7.34202.233
MinimumVisualStudioVersion = 10.0.40219.1
Project("{9A19103F-16F7-4668-BE54-9A1E7A4F7556}") = "DataAccess", "DataAccess\DataAccess.csproj", "{87BDF3D8-8153-44B8-B750-89F37F21AA89}"
EndProject
Project("{9A19103F-16F7-4668-BE54-9A1E7A4F7556}") = "Business", "Business\Business.csproj", "{126B0E30-6E82-4E04-AF0F-153A57B7C13C}"
EndProject
Project("{9A19103F-16F7-4668-BE54-9A1E7A4F7556}") = "Entities", "Entities\Entities.csproj", "{4981FB2B-9EB7-4161-8E3D-20973EC039CB}"
EndProject
Project("{9A19103F-16F7-4668-BE54-9A1E7A4F7556}") = "ConsoleUI", "ConsoleUI\ConsoleUI.csproj", "{B05D2777-0EFF-4BE5-9252-A51CCC9CF20A}"
EndProject
Project("{FAE04EC0-301F-11D3-BF4B-00C04F79EFBC}") = "Core", "Core\Core.csproj", "{98956F0F-3E9C-4EA9-81A4-8CDA22B1CE7E}"
EndProject
Global
	GlobalSection(SolutionConfigurationPlatforms) = preSolution
		Debug|Any CPU = Debug|Any CPU
		Release|Any CPU = Release|Any CPU
	EndGlobalSection
	GlobalSection(ProjectConfigurationPlatforms) = postSolution
		{87BDF3D8-8153-44B8-B750-89F37F21AA89}.Debug|Any CPU.ActiveCfg = Debug|Any CPU
		{87BDF3D8-8153-44B8-B750-89F37F21AA89}.Debug|Any CPU.Build.0 = Debug|Any CPU
		{87BDF3D8-8153-44B8-B750-89F37F21AA89}.Release|Any CPU.ActiveCfg = Release|Any CPU
		{87BDF3D8-8153-44B8-B750-89F37F21AA89}.Release|Any CPU.Build.0 = Release|Any CPU
		{126B0E30-6E82-4E04-AF0F-153A57B7C13C}.Debug|Any CPU.ActiveCfg = Debug|Any CPU
		{126B0E30-6E82-4E04-AF0F-153A57B7C13C}.Debug|Any CPU.Build.0 = Debug|Any CPU
		{126B0E30-6E82-4E04-AF0F-153A57B7C13C}.Release|Any CPU.ActiveCfg = Release|Any CPU
		{126B0E30-6E82-4E04-AF0F-153A57B7C13C}.Release|Any CPU.Build.0 = Release|Any CPU
		{4981FB2B-9EB7-4161-8E3D-20973EC039CB}.Debug|Any CPU.ActiveCfg = Debug|Any CPU
		{4981FB2B-9EB7-4161-8E3D-20973EC039CB}.Debug|Any CPU.Build.0 = Debug|Any CPU
		{4981FB2B-9EB7-4161-8E3D-20973EC039CB}.Release|Any CPU.ActiveCfg = Release|Any CPU
		{4981FB2B-9EB7-4161-8E3D-20973EC039CB}.Release|Any CPU.Build.0 = Release|Any CPU
		{B05D2777-0EFF-4BE5-9252-A51CCC9CF20A}.Debug|Any CPU.ActiveCfg = Debug|Any CPU
		{B05D2777-0EFF-4BE5-9252-A51CCC9CF20A}.Debug|Any CPU.Build.0 = Debug|Any CPU
		{B05D2777-0EFF-4BE5-9252-A51CCC9CF20A}.Release|Any CPU.ActiveCfg = Release|Any CPU
		{B05D2777-0EFF-4BE5-9252-A51CCC9CF20A}.Release|Any CPU.Build.0 = Release|Any CPU
		{98956F0F-3E9C-4EA9-81A4-8CDA22B1CE7E}.Debug|Any CPU.ActiveCfg = Debug|Any CPU
		{98956F0F-3E9C-4EA9-81A4-8CDA22B1CE7E}.Debug|Any CPU.Build.0 = Debug|Any CPU
		{98956F0F-3E9C-4EA9-81A4-8CDA22B1CE7E}.Release|Any CPU.ActiveCfg = Release|Any CPU
		{98956F0F-3E9C-4EA9-81A4-8CDA22B1CE7E}.Release|Any CPU.Build.0 = Release|Any CPU
	EndGlobalSection
	GlobalSection(SolutionProperties) = preSolution
		HideSolutionNode = FALSE
	EndGlobalSection
	GlobalSection(ExtensibilityGlobals) = postSolution
		SolutionGuid = {89EEB260-F5B6-46CF-82A5-4C8D3178CC29}
	EndGlobalSection
EndGlobal
